
Microsoft Visual Studio Solution File, Format Version 12.00
# Visual Studio Version 16
VisualStudioVersion = 16.0.31105.61
MinimumVisualStudioVersion = 10.0.40219.1
Project("{9A19103F-16F7-4668-BE54-9A1E7A4F7556}") = "RagsToRiches.Blazor", "RagsToRiches.Blazor\RagsToRiches.Blazor.csproj", "{0EBE36B3-8724-48BC-A1D8-058CAE43AB72}"
EndProject
Project("{FAE04EC0-301F-11D3-BF4B-00C04F79EFBC}") = "RagsToRiches", "RagsToRiches\RagsToRiches.csproj", "{EEDC01C7-2A64-48F4-9CB4-F1AC1D2A1589}"
EndProject
Project("{FAE04EC0-301F-11D3-BF4B-00C04F79EFBC}") = "RagsToRiches.Test", "RagsToRiches.Test\RagsToRiches.Test.csproj", "{4C2C421F-5D3D-46E1-866F-D9A5B56BB1F7}"
EndProject
Global
	GlobalSection(SolutionConfigurationPlatforms) = preSolution
		Debug|Any CPU = Debug|Any CPU
		Release|Any CPU = Release|Any CPU
	EndGlobalSection
	GlobalSection(ProjectConfigurationPlatforms) = postSolution
		{0EBE36B3-8724-48BC-A1D8-058CAE43AB72}.Debug|Any CPU.ActiveCfg = Debug|Any CPU
		{0EBE36B3-8724-48BC-A1D8-058CAE43AB72}.Debug|Any CPU.Build.0 = Debug|Any CPU
		{0EBE36B3-8724-48BC-A1D8-058CAE43AB72}.Release|Any CPU.ActiveCfg = Release|Any CPU
		{0EBE36B3-8724-48BC-A1D8-058CAE43AB72}.Release|Any CPU.Build.0 = Release|Any CPU
		{EEDC01C7-2A64-48F4-9CB4-F1AC1D2A1589}.Debug|Any CPU.ActiveCfg = Debug|Any CPU
		{EEDC01C7-2A64-48F4-9CB4-F1AC1D2A1589}.Debug|Any CPU.Build.0 = Debug|Any CPU
		{EEDC01C7-2A64-48F4-9CB4-F1AC1D2A1589}.Release|Any CPU.ActiveCfg = Release|Any CPU
		{EEDC01C7-2A64-48F4-9CB4-F1AC1D2A1589}.Release|Any CPU.Build.0 = Release|Any CPU
		{4C2C421F-5D3D-46E1-866F-D9A5B56BB1F7}.Debug|Any CPU.ActiveCfg = Debug|Any CPU
		{4C2C421F-5D3D-46E1-866F-D9A5B56BB1F7}.Debug|Any CPU.Build.0 = Debug|Any CPU
		{4C2C421F-5D3D-46E1-866F-D9A5B56BB1F7}.Release|Any CPU.ActiveCfg = Release|Any CPU
		{4C2C421F-5D3D-46E1-866F-D9A5B56BB1F7}.Release|Any CPU.Build.0 = Release|Any CPU
	EndGlobalSection
	GlobalSection(SolutionProperties) = preSolution
		HideSolutionNode = FALSE
	EndGlobalSection
	GlobalSection(ExtensibilityGlobals) = postSolution
		SolutionGuid = {44076092-FDE3-4E5A-92EE-1982F3C51ACF}
	EndGlobalSection
EndGlobal
